
Microsoft Visual Studio Solution File, Format Version 12.00
# Visual Studio Version 17
VisualStudioVersion = 17.4.33015.44
MinimumVisualStudioVersion = 10.0.40219.1
Project("{9A19103F-16F7-4668-BE54-9A1E7A4F7556}") = "SignerService", "SignerService.csproj", "{26FA0B11-10E6-40AE-A4E6-C42EA91FF720}"
EndProject
Global
	GlobalSection(SolutionConfigurationPlatforms) = preSolution
		Debug|Any CPU = Debug|Any CPU
		Release|Any CPU = Release|Any CPU
	EndGlobalSection
	GlobalSection(ProjectConfigurationPlatforms) = postSolution
		{26FA0B11-10E6-40AE-A4E6-C42EA91FF720}.Debug|Any CPU.ActiveCfg = Debug|Any CPU
		{26FA0B11-10E6-40AE-A4E6-C42EA91FF720}.Debug|Any CPU.Build.0 = Debug|Any CPU
		{26FA0B11-10E6-40AE-A4E6-C42EA91FF720}.Release|Any CPU.ActiveCfg = Release|Any CPU
		{26FA0B11-10E6-40AE-A4E6-C42EA91FF720}.Release|Any CPU.Build.0 = Release|Any CPU
	EndGlobalSection
	GlobalSection(SolutionProperties) = preSolution
		HideSolutionNode = FALSE
	EndGlobalSection
	GlobalSection(ExtensibilityGlobals) = postSolution
		SolutionGuid = {5A320B2E-8A33-4499-8A0F-B937A38F8457}
	EndGlobalSection
EndGlobal
