
Microsoft Visual Studio Solution File, Format Version 12.00
# Visual Studio 15
VisualStudioVersion = 15.0.27703.2018
MinimumVisualStudioVersion = 10.0.40219.1
Project("{FAE04EC0-301F-11D3-BF4B-00C04F79EFBC}") = "SimpleMVC", "SimpleMVC\SimpleMVC.csproj", "{DCBACB24-1CB2-4F85-B71A-B2C9C6D1BE3E}"
EndProject
Global
	GlobalSection(SolutionConfigurationPlatforms) = preSolution
		Debug|Any CPU = Debug|Any CPU
		Release|Any CPU = Release|Any CPU
	EndGlobalSection
	GlobalSection(ProjectConfigurationPlatforms) = postSolution
		{DCBACB24-1CB2-4F85-B71A-B2C9C6D1BE3E}.Debug|Any CPU.ActiveCfg = Debug|Any CPU
		{DCBACB24-1CB2-4F85-B71A-B2C9C6D1BE3E}.Debug|Any CPU.Build.0 = Debug|Any CPU
		{DCBACB24-1CB2-4F85-B71A-B2C9C6D1BE3E}.Release|Any CPU.ActiveCfg = Release|Any CPU
		{DCBACB24-1CB2-4F85-B71A-B2C9C6D1BE3E}.Release|Any CPU.Build.0 = Release|Any CPU
	EndGlobalSection
	GlobalSection(SolutionProperties) = preSolution
		HideSolutionNode = FALSE
	EndGlobalSection
	GlobalSection(ExtensibilityGlobals) = postSolution
		SolutionGuid = {44A2B984-DD0D-4B1D-B12F-CADCAB349849}
	EndGlobalSection
EndGlobal
